
Microsoft Visual Studio Solution File, Format Version 12.00
Project("{FAE04EC0-301F-11D3-BF4B-00C04F79EFBC}") = "NV-AITools", "NV-AITools.csproj", "{AB74DAC1-DBEC-488A-B97F-EB63A8DA47FF}"
EndProject
Global
	GlobalSection(SolutionConfigurationPlatforms) = preSolution
		Debug|Any CPU = Debug|Any CPU
		Release|Any CPU = Release|Any CPU
	EndGlobalSection
	GlobalSection(ProjectConfigurationPlatforms) = postSolution
		{AB74DAC1-DBEC-488A-B97F-EB63A8DA47FF}.Debug|Any CPU.ActiveCfg = Debug|Any CPU
		{AB74DAC1-DBEC-488A-B97F-EB63A8DA47FF}.Debug|Any CPU.Build.0 = Debug|Any CPU
		{AB74DAC1-DBEC-488A-B97F-EB63A8DA47FF}.Release|Any CPU.ActiveCfg = Release|Any CPU
		{AB74DAC1-DBEC-488A-B97F-EB63A8DA47FF}.Release|Any CPU.Build.0 = Release|Any CPU
	EndGlobalSection
EndGlobal
